// !$*UTF8*$!
{
	archiveVersion = 1;
	classes = {
	};
	objectVersion = 50;
	objects = {

/* Begin PBXBuildFile section */
		6956683821F1DD3700AED150 /* AppDelegate.swift in Sources */ = {isa = PBXBuildFile; fileRef = 6956683721F1DD3700AED150 /* AppDelegate.swift */; };
		6956683A21F1DD3700AED150 /* ViewController.swift in Sources */ = {isa = PBXBuildFile; fileRef = 6956683921F1DD3700AED150 /* ViewController.swift */; };
		6956683D21F1DD3700AED150 /* Main.storyboard in Resources */ = {isa = PBXBuildFile; fileRef = 6956683B21F1DD3700AED150 /* Main.storyboard */; };
		6956683F21F1DD3700AED150 /* Assets.xcassets in Resources */ = {isa = PBXBuildFile; fileRef = 6956683E21F1DD3700AED150 /* Assets.xcassets */; };
		6956684221F1DD3700AED150 /* LaunchScreen.storyboard in Resources */ = {isa = PBXBuildFile; fileRef = 6956684021F1DD3700AED150 /* LaunchScreen.storyboard */; };
		6956684D21F1DD3700AED150 /* MenuDropDownTests.swift in Sources */ = {isa = PBXBuildFile; fileRef = 6956684C21F1DD3700AED150 /* MenuDropDownTests.swift */; };
		6956685821F1DD3700AED150 /* MenuDropDownUITests.swift in Sources */ = {isa = PBXBuildFile; fileRef = 6956685721F1DD3700AED150 /* MenuDropDownUITests.swift */; };
		6956686721F1DD4400AED150 /* MenuDropDownView.swift in Sources */ = {isa = PBXBuildFile; fileRef = 6956686521F1DD4400AED150 /* MenuDropDownView.swift */; };
		6956686821F1DD4400AED150 /* MenuDropDownView.xib in Resources */ = {isa = PBXBuildFile; fileRef = 6956686621F1DD4400AED150 /* MenuDropDownView.xib */; };
		6956686A21F1DD5400AED150 /* UIView+Extension.swift in Sources */ = {isa = PBXBuildFile; fileRef = 6956686921F1DD5400AED150 /* UIView+Extension.swift */; };
/* End PBXBuildFile section */

/* Begin PBXContainerItemProxy section */
		6956684921F1DD3700AED150 /* PBXContainerItemProxy */ = {
			isa = PBXContainerItemProxy;
			containerPortal = 6956682C21F1DD3700AED150 /* Project object */;
			proxyType = 1;
			remoteGlobalIDString = 6956683321F1DD3700AED150;
			remoteInfo = MenuDropDown;
		};
		6956685421F1DD3700AED150 /* PBXContainerItemProxy */ = {
			isa = PBXContainerItemProxy;
			containerPortal = 6956682C21F1DD3700AED150 /* Project object */;
			proxyType = 1;
			remoteGlobalIDString = 6956683321F1DD3700AED150;
			remoteInfo = MenuDropDown;
		};
/* End PBXContainerItemProxy section */

/* Begin PBXFileReference section */
		6956683421F1DD3700AED150 /* MenuDropDown.app */ = {isa = PBXFileReference; explicitFileType = wrapper.application; includeInIndex = 0; path = MenuDropDown.app; sourceTree = BUILT_PRODUCTS_DIR; };
		6956683721F1DD3700AED150 /* AppDelegate.swift */ = {isa = PBXFileReference; lastKnownFileType = sourcecode.swift; path = AppDelegate.swift; sourceTree = "<group>"; };
		6956683921F1DD3700AED150 /* ViewController.swift */ = {isa = PBXFileReference; lastKnownFileType = sourcecode.swift; path = ViewController.swift; sourceTree = "<group>"; };
		6956683C21F1DD3700AED150 /* Base */ = {isa = PBXFileReference; lastKnownFileType = file.storyboard; name = Base; path = Base.lproj/Main.storyboard; sourceTree = "<group>"; };
		6956683E21F1DD3700AED150 /* Assets.xcassets */ = {isa = PBXFileReference; lastKnownFileType = folder.assetcatalog; path = Assets.xcassets; sourceTree = "<group>"; };
		6956684121F1DD3700AED150 /* Base */ = {isa = PBXFileReference; lastKnownFileType = file.storyboard; name = Base; path = Base.lproj/LaunchScreen.storyboard; sourceTree = "<group>"; };
		6956684321F1DD3700AED150 /* Info.plist */ = {isa = PBXFileReference; lastKnownFileType = text.plist.xml; path = Info.plist; sourceTree = "<group>"; };
		6956684821F1DD3700AED150 /* MenuDropDownTests.xctest */ = {isa = PBXFileReference; explicitFileType = wrapper.cfbundle; includeInIndex = 0; path = MenuDropDownTests.xctest; sourceTree = BUILT_PRODUCTS_DIR; };
		6956684C21F1DD3700AED150 /* MenuDropDownTests.swift */ = {isa = PBXFileReference; lastKnownFileType = sourcecode.swift; path = MenuDropDownTests.swift; sourceTree = "<group>"; };
		6956684E21F1DD3700AED150 /* Info.plist */ = {isa = PBXFileReference; lastKnownFileType = text.plist.xml; path = Info.plist; sourceTree = "<group>"; };
		6956685321F1DD3700AED150 /* MenuDropDownUITests.xctest */ = {isa = PBXFileReference; explicitFileType = wrapper.cfbundle; includeInIndex = 0; path = MenuDropDownUITests.xctest; sourceTree = BUILT_PRODUCTS_DIR; };
		6956685721F1DD3700AED150 /* MenuDropDownUITests.swift */ = {isa = PBXFileReference; lastKnownFileType = sourcecode.swift; path = MenuDropDownUITests.swift; sourceTree = "<group>"; };
		6956685921F1DD3700AED150 /* Info.plist */ = {isa = PBXFileReference; lastKnownFileType = text.plist.xml; path = Info.plist; sourceTree = "<group>"; };
		6956686521F1DD4400AED150 /* MenuDropDownView.swift */ = {isa = PBXFileReference; fileEncoding = 4; lastKnownFileType = sourcecode.swift; path = MenuDropDownView.swift; sourceTree = "<group>"; };
		6956686621F1DD4400AED150 /* MenuDropDownView.xib */ = {isa = PBXFileReference; fileEncoding = 4; lastKnownFileType = file.xib; path = MenuDropDownView.xib; sourceTree = "<group>"; };
		6956686921F1DD5400AED150 /* UIView+Extension.swift */ = {isa = PBXFileReference; fileEncoding = 4; lastKnownFileType = sourcecode.swift; path = "UIView+Extension.swift"; sourceTree = "<group>"; };
/* End PBXFileReference section */

/* Begin PBXFrameworksBuildPhase section */
		6956683121F1DD3700AED150 /* Frameworks */ = {
			isa = PBXFrameworksBuildPhase;
			buildActionMask = 2147483647;
			files = (
			);
			runOnlyForDeploymentPostprocessing = 0;
		};
		6956684521F1DD3700AED150 /* Frameworks */ = {
			isa = PBXFrameworksBuildPhase;
			buildActionMask = 2147483647;
			files = (
			);
			runOnlyForDeploymentPostprocessing = 0;
		};
		6956685021F1DD3700AED150 /* Frameworks */ = {
			isa = PBXFrameworksBuildPhase;
			buildActionMask = 2147483647;
			files = (
			);
			runOnlyForDeploymentPostprocessing = 0;
		};
/* End PBXFrameworksBuildPhase section */

/* Begin PBXGroup section */
		6956682B21F1DD3700AED150 = {
			isa = PBXGroup;
			children = (
				6956683621F1DD3700AED150 /* MenuDropDown */,
				6956684B21F1DD3700AED150 /* MenuDropDownTests */,
				6956685621F1DD3700AED150 /* MenuDropDownUITests */,
				6956683521F1DD3700AED150 /* Products */,
			);
			sourceTree = "<group>";
		};
		6956683521F1DD3700AED150 /* Products */ = {
			isa = PBXGroup;
			children = (
				6956683421F1DD3700AED150 /* MenuDropDown.app */,
				6956684821F1DD3700AED150 /* MenuDropDownTests.xctest */,
				6956685321F1DD3700AED150 /* MenuDropDownUITests.xctest */,
			);
			name = Products;
			sourceTree = "<group>";
		};
		6956683621F1DD3700AED150 /* MenuDropDown */ = {
			isa = PBXGroup;
			children = (
				6956683721F1DD3700AED150 /* AppDelegate.swift */,
				6956683921F1DD3700AED150 /* ViewController.swift */,
				6956686521F1DD4400AED150 /* MenuDropDownView.swift */,
				6956686921F1DD5400AED150 /* UIView+Extension.swift */,
				6956686621F1DD4400AED150 /* MenuDropDownView.xib */,
				6956683B21F1DD3700AED150 /* Main.storyboard */,
				6956683E21F1DD3700AED150 /* Assets.xcassets */,
				6956684021F1DD3700AED150 /* LaunchScreen.storyboard */,
				6956684321F1DD3700AED150 /* Info.plist */,
			);
			path = MenuDropDown;
			sourceTree = "<group>";
		};
		6956684B21F1DD3700AED150 /* MenuDropDownTests */ = {
			isa = PBXGroup;
			children = (
				6956684C21F1DD3700AED150 /* MenuDropDownTests.swift */,
				6956684E21F1DD3700AED150 /* Info.plist */,
			);
			path = MenuDropDownTests;
			sourceTree = "<group>";
		};
		6956685621F1DD3700AED150 /* MenuDropDownUITests */ = {
			isa = PBXGroup;
			children = (
				6956685721F1DD3700AED150 /* MenuDropDownUITests.swift */,
				6956685921F1DD3700AED150 /* Info.plist */,
			);
			path = MenuDropDownUITests;
			sourceTree = "<group>";
		};
/* End PBXGroup section */

/* Begin PBXNativeTarget section */
		6956683321F1DD3700AED150 /* MenuDropDown */ = {
			isa = PBXNativeTarget;
			buildConfigurationList = 6956685C21F1DD3700AED150 /* Build configuration list for PBXNativeTarget "MenuDropDown" */;
			buildPhases = (
				6956683021F1DD3700AED150 /* Sources */,
				6956683121F1DD3700AED150 /* Frameworks */,
				6956683221F1DD3700AED150 /* Resources */,
			);
			buildRules = (
			);
			dependencies = (
			);
			name = MenuDropDown;
			productName = MenuDropDown;
			productReference = 6956683421F1DD3700AED150 /* MenuDropDown.app */;
			productType = "com.apple.product-type.application";
		};
		6956684721F1DD3700AED150 /* MenuDropDownTests */ = {
			isa = PBXNativeTarget;
			buildConfigurationList = 6956685F21F1DD3700AED150 /* Build configuration list for PBXNativeTarget "MenuDropDownTests" */;
			buildPhases = (
				6956684421F1DD3700AED150 /* Sources */,
				6956684521F1DD3700AED150 /* Frameworks */,
				6956684621F1DD3700AED150 /* Resources */,
			);
			buildRules = (
			);
			dependencies = (
				6956684A21F1DD3700AED150 /* PBXTargetDependency */,
			);
			name = MenuDropDownTests;
			productName = MenuDropDownTests;
			productReference = 6956684821F1DD3700AED150 /* MenuDropDownTests.xctest */;
			productType = "com.apple.product-type.bundle.unit-test";
		};
		6956685221F1DD3700AED150 /* MenuDropDownUITests */ = {
			isa = PBXNativeTarget;
			buildConfigurationList = 6956686221F1DD3700AED150 /* Build configuration list for PBXNativeTarget "MenuDropDownUITests" */;
			buildPhases = (
				6956684F21F1DD3700AED150 /* Sources */,
				6956685021F1DD3700AED150 /* Frameworks */,
				6956685121F1DD3700AED150 /* Resources */,
			);
			buildRules = (
			);
			dependencies = (
				6956685521F1DD3700AED150 /* PBXTargetDependency */,
			);
			name = MenuDropDownUITests;
			productName = MenuDropDownUITests;
			productReference = 6956685321F1DD3700AED150 /* MenuDropDownUITests.xctest */;
			productType = "com.apple.product-type.bundle.ui-testing";
		};
/* End PBXNativeTarget section */

/* Begin PBXProject section */
		6956682C21F1DD3700AED150 /* Project object */ = {
			isa = PBXProject;
			attributes = {
				LastSwiftUpdateCheck = 1010;
				LastUpgradeCheck = 1010;
				ORGANIZATIONNAME = Jay;
				TargetAttributes = {
					6956683321F1DD3700AED150 = {
						CreatedOnToolsVersion = 10.1;
					};
					6956684721F1DD3700AED150 = {
						CreatedOnToolsVersion = 10.1;
						TestTargetID = 6956683321F1DD3700AED150;
					};
					6956685221F1DD3700AED150 = {
						CreatedOnToolsVersion = 10.1;
						TestTargetID = 6956683321F1DD3700AED150;
					};
				};
			};
			buildConfigurationList = 6956682F21F1DD3700AED150 /* Build configuration list for PBXProject "MenuDropDown" */;
			compatibilityVersion = "Xcode 9.3";
			developmentRegion = en;
			hasScannedForEncodings = 0;
			knownRegions = (
				en,
				Base,
			);
			mainGroup = 6956682B21F1DD3700AED150;
			productRefGroup = 6956683521F1DD3700AED150 /* Products */;
			projectDirPath = "";
			projectRoot = "";
			targets = (
				6956683321F1DD3700AED150 /* MenuDropDown */,
				6956684721F1DD3700AED150 /* MenuDropDownTests */,
				6956685221F1DD3700AED150 /* MenuDropDownUITests */,
			);
		};
/* End PBXProject section */

/* Begin PBXResourcesBuildPhase section */
		6956683221F1DD3700AED150 /* Resources */ = {
			isa = PBXResourcesBuildPhase;
			buildActionMask = 2147483647;
			files = (
				6956684221F1DD3700AED150 /* LaunchScreen.storyboard in Resources */,
				6956683F21F1DD3700AED150 /* Assets.xcassets in Resources */,
				6956686821F1DD4400AED150 /* MenuDropDownView.xib in Resources */,
				6956683D21F1DD3700AED150 /* Main.storyboard in Resources */,
			);
			runOnlyForDeploymentPostprocessing = 0;
		};
		6956684621F1DD3700AED150 /* Resources */ = {
			isa = PBXResourcesBuildPhase;
			buildActionMask = 2147483647;
			files = (
			);
			runOnlyForDeploymentPostprocessing = 0;
		};
		6956685121F1DD3700AED150 /* Resources */ = {
			isa = PBXResourcesBuildPhase;
			buildActionMask = 2147483647;
			files = (
			);
			runOnlyForDeploymentPostprocessing = 0;
		};
/* End PBXResourcesBuildPhase section */

/* Begin PBXSourcesBuildPhase section */
		6956683021F1DD3700AED150 /* Sources */ = {
			isa = PBXSourcesBuildPhase;
			buildActionMask = 2147483647;
			files = (
				6956683A21F1DD3700AED150 /* ViewController.swift in Sources */,
				6956683821F1DD3700AED150 /* AppDelegate.swift in Sources */,
				6956686A21F1DD5400AED150 /* UIView+Extension.swift in Sources */,
				6956686721F1DD4400AED150 /* MenuDropDownView.swift in Sources */,
			);
			runOnlyForDeploymentPostprocessing = 0;
		};
		6956684421F1DD3700AED150 /* Sources */ = {
			isa = PBXSourcesBuildPhase;
			buildActionMask = 2147483647;
			files = (
				6956684D21F1DD3700AED150 /* MenuDropDownTests.swift in Sources */,
			);
			runOnlyForDeploymentPostprocessing = 0;
		};
		6956684F21F1DD3700AED150 /* Sources */ = {
			isa = PBXSourcesBuildPhase;
			buildActionMask = 2147483647;
			files = (
				6956685821F1DD3700AED150 /* MenuDropDownUITests.swift in Sources */,
			);
			runOnlyForDeploymentPostprocessing = 0;
		};
/* End PBXSourcesBuildPhase section */

/* Begin PBXTargetDependency section */
		6956684A21F1DD3700AED150 /* PBXTargetDependency */ = {
			isa = PBXTargetDependency;
			target = 6956683321F1DD3700AED150 /* MenuDropDown */;
			targetProxy = 6956684921F1DD3700AED150 /* PBXContainerItemProxy */;
		};
		6956685521F1DD3700AED150 /* PBXTargetDependency */ = {
			isa = PBXTargetDependency;
			target = 6956683321F1DD3700AED150 /* MenuDropDown */;
			targetProxy = 6956685421F1DD3700AED150 /* PBXContainerItemProxy */;
		};
/* End PBXTargetDependency section */

/* Begin PBXVariantGroup section */
		6956683B21F1DD3700AED150 /* Main.storyboard */ = {
			isa = PBXVariantGroup;
			children = (
				6956683C21F1DD3700AED150 /* Base */,
			);
			name = Main.storyboard;
			sourceTree = "<group>";
		};
		6956684021F1DD3700AED150 /* LaunchScreen.storyboard */ = {
			isa = PBXVariantGroup;
			children = (
				6956684121F1DD3700AED150 /* Base */,
			);
			name = LaunchScreen.storyboard;
			sourceTree = "<group>";
		};
/* End PBXVariantGroup section */

/* Begin XCBuildConfiguration section */
		6956685A21F1DD3700AED150 /* Debug */ = {
			isa = XCBuildConfiguration;
			buildSettings = {
				ALWAYS_SEARCH_USER_PATHS = NO;
				CLANG_ANALYZER_NONNULL = YES;
				CLANG_ANALYZER_NUMBER_OBJECT_CONVERSION = YES_AGGRESSIVE;
				CLANG_CXX_LANGUAGE_STANDARD = "gnu++14";
				CLANG_CXX_LIBRARY = "libc++";
				CLANG_ENABLE_MODULES = YES;
				CLANG_ENABLE_OBJC_ARC = YES;
				CLANG_ENABLE_OBJC_WEAK = YES;
				CLANG_WARN_BLOCK_CAPTURE_AUTORELEASING = YES;
				CLANG_WARN_BOOL_CONVERSION = YES;
				CLANG_WARN_COMMA = YES;
				CLANG_WARN_CONSTANT_CONVERSION = YES;
				CLANG_WARN_DEPRECATED_OBJC_IMPLEMENTATIONS = YES;
				CLANG_WARN_DIRECT_OBJC_ISA_USAGE = YES_ERROR;
				CLANG_WARN_DOCUMENTATION_COMMENTS = YES;
				CLANG_WARN_EMPTY_BODY = YES;
				CLANG_WARN_ENUM_CONVERSION = YES;
				CLANG_WARN_INFINITE_RECURSION = YES;
				CLANG_WARN_INT_CONVERSION = YES;
				CLANG_WARN_NON_LITERAL_NULL_CONVERSION = YES;
				CLANG_WARN_OBJC_IMPLICIT_RETAIN_SELF = YES;
				CLANG_WARN_OBJC_LITERAL_CONVERSION = YES;
				CLANG_WARN_OBJC_ROOT_CLASS = YES_ERROR;
				CLANG_WARN_RANGE_LOOP_ANALYSIS = YES;
				CLANG_WARN_STRICT_PROTOTYPES = YES;
				CLANG_WARN_SUSPICIOUS_MOVE = YES;
				CLANG_WARN_UNGUARDED_AVAILABILITY = YES_AGGRESSIVE;
				CLANG_WARN_UNREACHABLE_CODE = YES;
				CLANG_WARN__DUPLICATE_METHOD_MATCH = YES;
				CODE_SIGN_IDENTITY = "iPhone Developer";
				COPY_PHASE_STRIP = NO;
				DEBUG_INFORMATION_FORMAT = dwarf;
				ENABLE_STRICT_OBJC_MSGSEND = YES;
				ENABLE_TESTABILITY = YES;
				GCC_C_LANGUAGE_STANDARD = gnu11;
				GCC_DYNAMIC_NO_PIC = NO;
				GCC_NO_COMMON_BLOCKS = YES;
				GCC_OPTIMIZATION_LEVEL = 0;
				GCC_PREPROCESSOR_DEFINITIONS = (
					"DEBUG=1",
					"$(inherited)",
				);
				GCC_WARN_64_TO_32_BIT_CONVERSION = YES;
				GCC_WARN_ABOUT_RETURN_TYPE = YES_ERROR;
				GCC_WARN_UNDECLARED_SELECTOR = YES;
				GCC_WARN_UNINITIALIZED_AUTOS = YES_AGGRESSIVE;
				GCC_WARN_UNUSED_FUNCTION = YES;
				GCC_WARN_UNUSED_VARIABLE = YES;
				IPHONEOS_DEPLOYMENT_TARGET = 12.1;
				MTL_ENABLE_DEBUG_INFO = INCLUDE_SOURCE;
				MTL_FAST_MATH = YES;
				ONLY_ACTIVE_ARCH = YES;
				SDKROOT = iphoneos;
				SWIFT_ACTIVE_COMPILATION_CONDITIONS = DEBUG;
				SWIFT_OPTIMIZATION_LEVEL = "-Onone";
			};
			name = Debug;
		};
		6956685B21F1DD3700AED150 /* Release */ = {
			isa = XCBuildConfiguration;
			buildSettings = {
				ALWAYS_SEARCH_USER_PATHS = NO;
				CLANG_ANALYZER_NONNULL = YES;
				CLANG_ANALYZER_NUMBER_OBJECT_CONVERSION = YES_AGGRESSIVE;
				CLANG_CXX_LANGUAGE_STANDARD = "gnu++14";
				CLANG_CXX_LIBRARY = "libc++";
				CLANG_ENABLE_MODULES = YES;
				CLANG_ENABLE_OBJC_ARC = YES;
				CLANG_ENABLE_OBJC_WEAK = YES;
				CLANG_WARN_BLOCK_CAPTURE_AUTORELEASING = YES;
				CLANG_WARN_BOOL_CONVERSION = YES;
				CLANG_WARN_COMMA = YES;
				CLANG_WARN_CONSTANT_CONVERSION = YES;
				CLANG_WARN_DEPRECATED_OBJC_IMPLEMENTATIONS = YES;
				CLANG_WARN_DIRECT_OBJC_ISA_USAGE = YES_ERROR;
				CLANG_WARN_DOCUMENTATION_COMMENTS = YES;
				CLANG_WARN_EMPTY_BODY = YES;
				CLANG_WARN_ENUM_CONVERSION = YES;
				CLANG_WARN_INFINITE_RECURSION = YES;
				CLANG_WARN_INT_CONVERSION = YES;
				CLANG_WARN_NON_LITERAL_NULL_CONVERSION = YES;
				CLANG_WARN_OBJC_IMPLICIT_RETAIN_SELF = YES;
				CLANG_WARN_OBJC_LITERAL_CONVERSION = YES;
				CLANG_WARN_OBJC_ROOT_CLASS = YES_ERROR;
				CLANG_WARN_RANGE_LOOP_ANALYSIS = YES;
				CLANG_WARN_STRICT_PROTOTYPES = YES;
				CLANG_WARN_SUSPICIOUS_MOVE = YES;
				CLANG_WARN_UNGUARDED_AVAILABILITY = YES_AGGRESSIVE;
				CLANG_WARN_UNREACHABLE_CODE = YES;
				CLANG_WARN__DUPLICATE_METHOD_MATCH = YES;
				CODE_SIGN_IDENTITY = "iPhone Developer";
				COPY_PHASE_STRIP = NO;
				DEBUG_INFORMATION_FORMAT = "dwarf-with-dsym";
				ENABLE_NS_ASSERTIONS = NO;
				ENABLE_STRICT_OBJC_MSGSEND = YES;
				GCC_C_LANGUAGE_STANDARD = gnu11;
				GCC_NO_COMMON_BLOCKS = YES;
				GCC_WARN_64_TO_32_BIT_CONVERSION = YES;
				GCC_WARN_ABOUT_RETURN_TYPE = YES_ERROR;
				GCC_WARN_UNDECLARED_SELECTOR = YES;
				GCC_WARN_UNINITIALIZED_AUTOS = YES_AGGRESSIVE;
				GCC_WARN_UNUSED_FUNCTION = YES;
				GCC_WARN_UNUSED_VARIABLE = YES;
				IPHONEOS_DEPLOYMENT_TARGET = 12.1;
				MTL_ENABLE_DEBUG_INFO = NO;
				MTL_FAST_MATH = YES;
				SDKROOT = iphoneos;
				SWIFT_COMPILATION_MODE = wholemodule;
				SWIFT_OPTIMIZATION_LEVEL = "-O";
				VALIDATE_PRODUCT = YES;
			};
			name = Release;
		};
		6956685D21F1DD3700AED150 /* Debug */ = {
			isa = XCBuildConfiguration;
			buildSettings = {
				ASSETCATALOG_COMPILER_APPICON_NAME = AppIcon;
				CODE_SIGN_STYLE = Automatic;
				INFOPLIST_FILE = MenuDropDown/Info.plist;
				LD_RUNPATH_SEARCH_PATHS = (
					"$(inherited)",
					"@executable_path/Frameworks",
				);
				PRODUCT_BUNDLE_IDENTIFIER = com.journalite.MenuDropDown;
				PRODUCT_NAME = "$(TARGET_NAME)";
				SWIFT_VERSION = 4.2;
				TARGETED_DEVICE_FAMILY = "1,2";
			};
			name = Debug;
		};
		6956685E21F1DD3700AED150 /* Release */ = {
			isa = XCBuildConfiguration;
			buildSettings = {
				ASSETCATALOG_COMPILER_APPICON_NAME = AppIcon;
				CODE_SIGN_STYLE = Automatic;
				INFOPLIST_FILE = MenuDropDown/Info.plist;
				LD_RUNPATH_SEARCH_PATHS = (
					"$(inherited)",
					"@executable_path/Frameworks",
				);
				PRODUCT_BUNDLE_IDENTIFIER = com.journalite.MenuDropDown;
				PRODUCT_NAME = "$(TARGET_NAME)";
				SWIFT_VERSION = 4.2;
				TARGETED_DEVICE_FAMILY = "1,2";
			};
			name = Release;
		};
		6956686021F1DD3700AED150 /* Debug */ = {
			isa = XCBuildConfiguration;
			buildSettings = {
				ALWAYS_EMBED_SWIFT_STANDARD_LIBRARIES = YES;
				BUNDLE_LOADER = "$(TEST_HOST)";
				CODE_SIGN_STYLE = Automatic;
				INFOPLIST_FILE = MenuDropDownTests/Info.plist;
				LD_RUNPATH_SEARCH_PATHS = (
					"$(inherited)",
					"@executable_path/Frameworks",
					"@loader_path/Frameworks",
				);
				PRODUCT_BUNDLE_IDENTIFIER = com.journalite.MenuDropDownTests;
				PRODUCT_NAME = "$(TARGET_NAME)";
				SWIFT_VERSION = 4.2;
				TARGETED_DEVICE_FAMILY = "1,2";
				TEST_HOST = "$(BUILT_PRODUCTS_DIR)/MenuDropDown.app/MenuDropDown";
			};
			name = Debug;
		};
		6956686121F1DD3700AED150 /* Release */ = {
			isa = XCBuildConfiguration;
			buildSettings = {
				ALWAYS_EMBED_SWIFT_STANDARD_LIBRARIES = YES;
				BUNDLE_LOADER = "$(TEST_HOST)";
				CODE_SIGN_STYLE = Automatic;
				INFOPLIST_FILE = MenuDropDownTests/Info.plist;
				LD_RUNPATH_SEARCH_PATHS = (
					"$(inherited)",
					"@executable_path/Frameworks",
					"@loader_path/Frameworks",
				);
				PRODUCT_BUNDLE_IDENTIFIER = com.journalite.MenuDropDownTests;
				PRODUCT_NAME = "$(TARGET_NAME)";
				SWIFT_VERSION = 4.2;
				TARGETED_DEVICE_FAMILY = "1,2";
				TEST_HOST = "$(BUILT_PRODUCTS_DIR)/MenuDropDown.app/MenuDropDown";
			};
			name = Release;
		};
		6956686321F1DD3700AED150 /* Debug */ = {
			isa = XCBuildConfiguration;
			buildSettings = {
				ALWAYS_EMBED_SWIFT_STANDARD_LIBRARIES = YES;
				CODE_SIGN_STYLE = Automatic;
				INFOPLIST_FILE = MenuDropDownUITests/Info.plist;
				LD_RUNPATH_SEARCH_PATHS = (
					"$(inherited)",
					"@executable_path/Frameworks",
					"@loader_path/Frameworks",
				);
				PRODUCT_BUNDLE_IDENTIFIER = com.journalite.MenuDropDownUITests;
				PRODUCT_NAME = "$(TARGET_NAME)";
				SWIFT_VERSION = 4.2;
				TARGETED_DEVICE_FAMILY = "1,2";
				TEST_TARGET_NAME = MenuDropDown;
			};
			name = Debug;
		};
		6956686421F1DD3700AED150 /* Release */ = {
			isa = XCBuildConfiguration;
			buildSettings = {
				ALWAYS_EMBED_SWIFT_STANDARD_LIBRARIES = YES;
				CODE_SIGN_STYLE = Automatic;
				INFOPLIST_FILE = MenuDropDownUITests/Info.plist;
				LD_RUNPATH_SEARCH_PATHS = (
					"$(inherited)",
					"@executable_path/Frameworks",
					"@loader_path/Frameworks",
				);
				PRODUCT_BUNDLE_IDENTIFIER = com.journalite.MenuDropDownUITests;
				PRODUCT_NAME = "$(TARGET_NAME)";
				SWIFT_VERSION = 4.2;
				TARGETED_DEVICE_FAMILY = "1,2";
				TEST_TARGET_NAME = MenuDropDown;
			};
			name = Release;
		};
/* End XCBuildConfiguration section */

/* Begin XCConfigurationList section */
		6956682F21F1DD3700AED150 /* Build configuration list for PBXProject "MenuDropDown" */ = {
			isa = XCConfigurationList;
			buildConfigurations = (
				6956685A21F1DD3700AED150 /* Debug */,
				6956685B21F1DD3700AED150 /* Release */,
			);
			defaultConfigurationIsVisible = 0;
			defaultConfigurationName = Release;
		};
		6956685C21F1DD3700AED150 /* Build configuration list for PBXNativeTarget "MenuDropDown" */ = {
			isa = XCConfigurationList;
			buildConfigurations = (
				6956685D21F1DD3700AED150 /* Debug */,
				6956685E21F1DD3700AED150 /* Release */,
			);
			defaultConfigurationIsVisible = 0;
			defaultConfigurationName = Release;
		};
		6956685F21F1DD3700AED150 /* Build configuration list for PBXNativeTarget "MenuDropDownTests" */ = {
			isa = XCConfigurationList;
			buildConfigurations = (
				6956686021F1DD3700AED150 /* Debug */,
				6956686121F1DD3700AED150 /* Release */,
			);
			defaultConfigurationIsVisible = 0;
			defaultConfigurationName = Release;
		};
		6956686221F1DD3700AED150 /* Build configuration list for PBXNativeTarget "MenuDropDownUITests" */ = {
			isa = XCConfigurationList;
			buildConfigurations = (
				6956686321F1DD3700AED150 /* Debug */,
				6956686421F1DD3700AED150 /* Release */,
			);
			defaultConfigurationIsVisible = 0;
			defaultConfigurationName = Release;
		};
/* End XCConfigurationList section */
	};
	rootObject = 6956682C21F1DD3700AED150 /* Project object */;
}
